
Microsoft Visual Studio Solution File, Format Version 12.00
# Visual Studio 15
VisualStudioVersion = 15.0.28307.645
MinimumVisualStudioVersion = 10.0.40219.1
Project("{FAE04EC0-301F-11D3-BF4B-00C04F79EFBC}") = "GalleryService", "GalleryService\GalleryService.csproj", "{742FA3D5-7377-484C-B65A-0ADF71C2E55E}"
EndProject
Global
	GlobalSection(SolutionConfigurationPlatforms) = preSolution
		Debug|Any CPU = Debug|Any CPU
		Release|Any CPU = Release|Any CPU
	EndGlobalSection
	GlobalSection(ProjectConfigurationPlatforms) = postSolution
		{742FA3D5-7377-484C-B65A-0ADF71C2E55E}.Debug|Any CPU.ActiveCfg = Debug|Any CPU
		{742FA3D5-7377-484C-B65A-0ADF71C2E55E}.Debug|Any CPU.Build.0 = Debug|Any CPU
		{742FA3D5-7377-484C-B65A-0ADF71C2E55E}.Release|Any CPU.ActiveCfg = Release|Any CPU
		{742FA3D5-7377-484C-B65A-0ADF71C2E55E}.Release|Any CPU.Build.0 = Release|Any CPU
	EndGlobalSection
	GlobalSection(SolutionProperties) = preSolution
		HideSolutionNode = FALSE
	EndGlobalSection
	GlobalSection(ExtensibilityGlobals) = postSolution
		SolutionGuid = {EF2D4CCF-43E3-4095-B415-B0F0725DCFAF}
	EndGlobalSection
EndGlobal
